{
  "version": 1,
  "dependencies": {
    "net8.0-windows7.0": {
      "LibreHardwareMonitorLib": {
        "type": "Direct",
        "requested": "[0.9.6, )",
        "resolved": "0.9.6",
        "contentHash": "W4hQ5Ja51/1cEDZnh9kG5UHFBwjjY2+oIpSUhSsgeYXKRKezrkw3sEFrhQkrOuo53xkXyfWV8ZErMqQuGqWIMQ==",
        "dependencies": {
          "DiskInfoToolkit": "1.1.2",
          "HidSharp": "2.6.4",
          "Mono.Posix.NETStandard": "1.0.0",
          "RAMSPDToolkit-NDD": "1.4.2",
          "System.IO.Ports": "10.0.3",
          "System.Management": "10.0.2",
          "System.Threading.AccessControl": "10.0.3"
        }
      },
      "NAudio.Wasapi": {
        "type": "Direct",
        "requested": "[2.3.0, )",
        "resolved": "2.3.0",
        "contentHash": "y5K2BxrLnvohgu5znzg5wRsai3YcuNXfrpo68i7PmCQqpK5MC/R24e5aO3OyN/XhfRr12e0QYV0OnUWEHi5SzA==",
        "dependencies": {
          "NAudio.Core": "2.3.0"
        }
      },
      "NvAPIWrapper.Net": {
        "type": "Direct",
        "requested": "[0.8.1.101, )",
        "resolved": "0.8.1.101",
        "contentHash": "qX+5EQ32tCTqBkX/9BNfx7w4HPi18s3XhMubjbxSjPhYQ6pXWL+HGnaZEmGvFlOxvsQN+/6eV3x5bRo1CDY/mQ=="
      },
      "System.Management": {
        "type": "Direct",
        "requested": "[10.0.10, )",
        "resolved": "10.0.10",
        "contentHash": "U13ksdXfQlF2WDdu3S4ZPVpikFs2HgV3dbJJZLeZpBIQ4z/xCmQnwEf6LsEEIC2zSamVVa1acA9RdVhZwnWKeA==",
        "dependencies": {
          "System.CodeDom": "10.0.10"
        }
      },
      "TaskScheduler": {
        "type": "Direct",
        "requested": "[2.12.2, )",
        "resolved": "2.12.2",
        "contentHash": "glpAb3VrwfdAofp6PIyAzL0ZeTV7XUJ8muu0oZoTeyU5jtk2sMJ6QAMRRuFbovcaj+SBJiEUGklxIWOqQoxshA==",
        "dependencies": {
          "Microsoft.Win32.Registry": "5.0.0",
          "System.Diagnostics.EventLog": "8.0.1",
          "System.Security.AccessControl": "6.0.1"
        }
      },
      "WinForms.DataVisualization": {
        "type": "Direct",
        "requested": "[1.10.2, )",
        "resolved": "1.10.2",
        "contentHash": "zdnPgnY1nggdYhzldvwCLpSA5FI2pNsoAUtwNzCm6Dbxt6Und4a6FuZUFjoWgTlOYN0iPrlOqwaQuj54Owq9Mg=="
      },
      "BlackSharp.Core": {
        "type": "Transitive",
        "resolved": "1.0.7",
        "contentHash": "LbEc4w0oZ7w4p6+8OjPZgwsJW470aQRuYZgZ9aMN2PW9R79pW3OnZQ32AVVx/21rstX9mKbXaOLWpSAxoANYxQ=="
      },
      "DiskInfoToolkit": {
        "type": "Transitive",
        "resolved": "1.1.2",
        "contentHash": "vN46svt1hQDkm269p6CzfwDpb/fbyp8oNQuePcvjNSryPLfsxIJZU8amEhir+x5bsKd0ymOXTySzPwFO8o0dpw==",
        "dependencies": {
          "BlackSharp.Core": "1.0.7"
        }
      },
      "HidSharp": {
        "type": "Transitive",
        "resolved": "2.6.4",
        "contentHash": "UcGvtnXFcatwHBXr+ei8GEXvg//wjGmDGQ6Xvb+7M4vHjURAhSLIJ+dSZv0BnAhQEpNlH8G4P7JxYnMH8Aph4g=="
      },
      "Microsoft.Win32.Registry": {
        "type": "Transitive",
        "resolved": "5.0.0",
        "contentHash": "dDoKi0PnDz31yAyETfRntsLArTlVAVzUzCIvvEDsDsucrl33Dl8pIJG06ePTJTI3tGpeyHS9Cq7Foc/s4EeKcg==",
        "dependencies": {
          "System.Security.AccessControl": "5.0.0",
          "System.Security.Principal.Windows": "5.0.0"
        }
      },
      "Mono.Posix.NETStandard": {
        "type": "Transitive",
        "resolved": "1.0.0",
        "contentHash": "vSN/L1uaVwKsiLa95bYu2SGkF0iY3xMblTfxc8alSziPuVfJpj3geVqHGAA75J7cZkMuKpFVikz82Lo6y6LLdA=="
      },
      "NAudio.Core": {
        "type": "Transitive",
        "resolved": "2.3.0",
        "contentHash": "jMd7r6dB6tAtXhOYL58ntPqwERNm1/Rhw5MKOIYvsnXzuX+PTGsa2VMam6n0npZYSwlSidKa4GAm4bFcXFUlcg=="
      },
      "RAMSPDToolkit-NDD": {
        "type": "Transitive",
        "resolved": "1.4.2",
        "contentHash": "pqIwn/HqXFnW4FVKybq6gZh3YK14OOLGWkgZzDdewjAInCOu86EO2L+FCQo8j1/v1sKwv+vgX5pnehxyrlJYJw==",
        "dependencies": {
          "BlackSharp.Core": "1.0.4",
          "System.Management": "10.0.0"
        }
      },
      "runtime.android-arm.runtime.native.System.IO.Ports": {
        "type": "Transitive",
        "resolved": "10.0.3",
        "contentHash": "6W4qZX0X7FF+PHM9Kaa5ZsTLcGJAzCU7FB4Tjy1vTg2rUIEjDqijWTtpz8vY6gBzZaG+tD0/EKUyGnfq6d/d/Q=="
      },
      "runtime.android-arm64.runtime.native.System.IO.Ports": {
        "type": "Transitive",
        "resolved": "10.0.3",
        "contentHash": "4OdNg2Du1kvm0b4tSErkA4wfH32YmgUqeSLzekk6NdCR61brCp4vttTJl0epZMwbRppXuy/jY7pV0WtP4ymnfQ=="
      },
      "runtime.android-x64.runtime.native.System.IO.Ports": {
        "type": "Transitive",
        "resolved": "10.0.3",
        "contentHash": "nP7xJSDSqRktV4kEd0kr4n0xhzJFuQjh7L/AgrKB3C4QK5TA/8NimJmTl1ogngvnXn2vilH2Hk+keBIvuoGWCA=="
      },
      "runtime.android-x86.runtime.native.System.IO.Ports": {
        "type": "Transitive",
        "resolved": "10.0.3",
        "contentHash": "f/neqijoVpgl/PcrXYeLNfCC2t74XYIcaHvtSaF3zaIdJ3hf5wrwRC9gzYLXHRLg/j4DRsCHEw8rlux/dNh7XA=="
      },
      "runtime.linux-arm.runtime.native.System.IO.Ports": {
        "type": "Transitive",
        "resolved": "10.0.3",
        "contentHash": "cwiQmy95Zd42K4kMzDt8GkXNKHWDkRZIIyb3MteRrgJKubH2DMA6VY3JiFeR+1hQ7i31Ck+dYyt8wUkElZ/NrQ=="
      },
      "runtime.linux-arm64.runtime.native.System.IO.Ports": {
        "type": "Transitive",
        "resolved": "10.0.3",
        "contentHash": "cEx+Xm0ZNPsuoYTFwXZ6qRstwXQ7vJjbb3jWzo5s5xIeEgpTDdfiUjTgK3Gl618mWgb7+Gn6Vt5pT07RxFC28Q=="
      },
      "runtime.linux-bionic-arm64.runtime.native.System.IO.Ports": {
        "type": "Transitive",
        "resolved": "10.0.3",
        "contentHash": "kB21sNzlKgTj3V/LZhnTLFuViiGKtkiUG2GdEW+z3jdeUtRoxqBBXryzMqy0oUOy5idBW2pA6bh+iLGaj+GThA=="
      },
      "runtime.linux-bionic-x64.runtime.native.System.IO.Ports": {
        "type": "Transitive",
        "resolved": "10.0.3",
        "contentHash": "/Ud7EYdpnBGJ/x7DdqVFEJOQtEcf9rsD6/1iyUBJNfhhs8JljZLewJHp1cXr1DVCaWWc9jSWIc4g+QpMct/22A=="
      },
      "runtime.linux-musl-arm.runtime.native.System.IO.Ports": {
        "type": "Transitive",
        "resolved": "10.0.3",
        "contentHash": "pBubukkmXD9e4Ju004bEHL3TE5mYahONCVwrJ5b+7/cj8smSY2H5sKTyURiVF1EfX55yORKyTyQ3dALA5yTTlg=="
      },
      "runtime.linux-musl-arm64.runtime.native.System.IO.Ports": {
        "type": "Transitive",
        "resolved": "10.0.3",
        "contentHash": "+FR6SvpZya66Wv26MVEK4l2gnjfZnBVUz675eaTcMQ/KWAy+GMaPyhRaBIMnQJf5gfuu3x1qgeAzpmeFkOPGBw=="
      },
      "runtime.linux-musl-x64.runtime.native.System.IO.Ports": {
        "type": "Transitive",
        "resolved": "10.0.3",
        "contentHash": "Ee1XnOSKgeJGBcnd7LLLkyXEbE/JcpQ3pUlbPXqugl0YD55jVubpYebzGYI+ilrnBLCRiV0BR822b2XmerIKGw=="
      },
      "runtime.linux-x64.runtime.native.System.IO.Ports": {
        "type": "Transitive",
        "resolved": "10.0.3",
        "contentHash": "U+Zr1KuBDIIwgR2gTMFbBAtkr4WnKdEXxmknPa3X8Qy6oCi4+MTRmq2zmTh7wxXQXTdmhfXg2tyy7DuVHtB+xQ=="
      },
      "runtime.maccatalyst-arm64.runtime.native.System.IO.Ports": {
        "type": "Transitive",
        "resolved": "10.0.3",
        "contentHash": "9yTgh3ZKCBTGEO4YS76g/K15s2qSdeEZDqWteixUPeRsETsuBUwUPF39Fk39OPlRgwhqEuhtHy1Hf6BSOETfAg=="
      },
      "runtime.maccatalyst-x64.runtime.native.System.IO.Ports": {
        "type": "Transitive",
        "resolved": "10.0.3",
        "contentHash": "0gxqUZYQ1T1o5VzgyEMKiSPKJtPbleF2nbjZa5QKZQvPgSlrZFL+FrW4LywIk2scOpXu+Vd5Mv8AGGV7slhYWA=="
      },
      "runtime.native.System.IO.Ports": {
        "type": "Transitive",
        "resolved": "10.0.3",
        "contentHash": "7U3HW0JzAeg9PWaYBcyWLFMq2RSexgJ8uVCR3E2QVJJ/IZnRT0wYRhyEx3zBSbKYzN3KE6MDiRd6CN4hR7YkqA==",
        "dependencies": {
          "runtime.android-arm.runtime.native.System.IO.Ports": "10.0.3",
          "runtime.android-arm64.runtime.native.System.IO.Ports": "10.0.3",
          "runtime.android-x64.runtime.native.System.IO.Ports": "10.0.3",
          "runtime.android-x86.runtime.native.System.IO.Ports": "10.0.3",
          "runtime.linux-arm.runtime.native.System.IO.Ports": "10.0.3",
          "runtime.linux-arm64.runtime.native.System.IO.Ports": "10.0.3",
          "runtime.linux-bionic-arm64.runtime.native.System.IO.Ports": "10.0.3",
          "runtime.linux-bionic-x64.runtime.native.System.IO.Ports": "10.0.3",
          "runtime.linux-musl-arm.runtime.native.System.IO.Ports": "10.0.3",
          "runtime.linux-musl-arm64.runtime.native.System.IO.Ports": "10.0.3",
          "runtime.linux-musl-x64.runtime.native.System.IO.Ports": "10.0.3",
          "runtime.linux-x64.runtime.native.System.IO.Ports": "10.0.3",
          "runtime.maccatalyst-arm64.runtime.native.System.IO.Ports": "10.0.3",
          "runtime.maccatalyst-x64.runtime.native.System.IO.Ports": "10.0.3",
          "runtime.osx-arm64.runtime.native.System.IO.Ports": "10.0.3",
          "runtime.osx-x64.runtime.native.System.IO.Ports": "10.0.3"
        }
      },
      "runtime.osx-arm64.runtime.native.System.IO.Ports": {
        "type": "Transitive",
        "resolved": "10.0.3",
        "contentHash": "qnEjXlIazxaRAhBet0EupWoJQ9PKsXjThpMKGP/ZsCjZgHEb+zs9wft82wY27OagyPOCg9D4hJHWKt5LTbJNZg=="
      },
      "runtime.osx-x64.runtime.native.System.IO.Ports": {
        "type": "Transitive",
        "resolved": "10.0.3",
        "contentHash": "L1gcOL5kcfeeujKQbqJmpeTLsT0c6DeaJ9w6PY9oZ+/WESyya+Zj7StKguXR5j93o3o86FjcN05yufpoCz7R2g=="
      },
      "System.CodeDom": {
        "type": "Transitive",
        "resolved": "10.0.10",
        "contentHash": "lru5igKxs4OgWKfMeOpMAYpfB1tNSSXHk2zyiSDO/h0u8RVAhN6KqW9d3ANybDB+ePIHg6HM/NlE8HlpOk4k5A=="
      },
      "System.Diagnostics.EventLog": {
        "type": "Transitive",
        "resolved": "8.0.1",
        "contentHash": "n1ZP7NM2Gkn/MgD8+eOT5MulMj6wfeQMNS2Pizvq5GHCZfjlFMXV2irQlQmJhwA2VABC57M0auudO89Iu2uRLg=="
      },
      "System.IO.Ports": {
        "type": "Transitive",
        "resolved": "10.0.3",
        "contentHash": "Zs04mZ/dQtaFQ+hpQNDtijBs+6aM9j2fQPp8zNZTfh8DboVNNv7Sw6gH00hT+PVcAhEozlfT+n59Svm6Ug8ROA==",
        "dependencies": {
          "runtime.native.System.IO.Ports": "10.0.3"
        }
      },
      "System.Security.AccessControl": {
        "type": "Transitive",
        "resolved": "6.0.1",
        "contentHash": "IQ4NXP/B3Ayzvw0rDQzVTYsCKyy0Jp9KI6aYcK7UnGVlR9+Awz++TIPCQtPYfLJfOpm8ajowMR09V7quD3sEHw=="
      },
      "System.Security.Principal.Windows": {
        "type": "Transitive",
        "resolved": "5.0.0",
        "contentHash": "t0MGLukB5WAVU9bO3MGzvlGnyJPgUlcwerXn1kzBRjwLKixT96XV0Uza41W49gVd8zEMFu9vQEFlv0IOrytICA=="
      },
      "System.Threading.AccessControl": {
        "type": "Transitive",
        "resolved": "10.0.3",
        "contentHash": "PO3IM2ZXOJTjuuFDYMP62i290J41y891C+ytTa1HCDUo5FdywK/Ro6jflWHmbgZ2tz62EhRDa8WIT2vVJX45AQ=="
      }
    },
    "net8.0-windows7.0/win-x64": {
      "LibreHardwareMonitorLib": {
        "type": "Direct",
        "requested": "[0.9.6, )",
        "resolved": "0.9.6",
        "contentHash": "W4hQ5Ja51/1cEDZnh9kG5UHFBwjjY2+oIpSUhSsgeYXKRKezrkw3sEFrhQkrOuo53xkXyfWV8ZErMqQuGqWIMQ==",
        "dependencies": {
          "DiskInfoToolkit": "1.1.2",
          "HidSharp": "2.6.4",
          "Mono.Posix.NETStandard": "1.0.0",
          "RAMSPDToolkit-NDD": "1.4.2",
          "System.IO.Ports": "10.0.3",
          "System.Management": "10.0.2",
          "System.Threading.AccessControl": "10.0.3"
        }
      },
      "System.Management": {
        "type": "Direct",
        "requested": "[10.0.10, )",
        "resolved": "10.0.10",
        "contentHash": "U13ksdXfQlF2WDdu3S4ZPVpikFs2HgV3dbJJZLeZpBIQ4z/xCmQnwEf6LsEEIC2zSamVVa1acA9RdVhZwnWKeA==",
        "dependencies": {
          "System.CodeDom": "10.0.10"
        }
      },
      "Microsoft.Win32.Registry": {
        "type": "Transitive",
        "resolved": "5.0.0",
        "contentHash": "dDoKi0PnDz31yAyETfRntsLArTlVAVzUzCIvvEDsDsucrl33Dl8pIJG06ePTJTI3tGpeyHS9Cq7Foc/s4EeKcg==",
        "dependencies": {
          "System.Security.AccessControl": "5.0.0",
          "System.Security.Principal.Windows": "5.0.0"
        }
      },
      "Mono.Posix.NETStandard": {
        "type": "Transitive",
        "resolved": "1.0.0",
        "contentHash": "vSN/L1uaVwKsiLa95bYu2SGkF0iY3xMblTfxc8alSziPuVfJpj3geVqHGAA75J7cZkMuKpFVikz82Lo6y6LLdA=="
      },
      "runtime.android-arm.runtime.native.System.IO.Ports": {
        "type": "Transitive",
        "resolved": "10.0.3",
        "contentHash": "6W4qZX0X7FF+PHM9Kaa5ZsTLcGJAzCU7FB4Tjy1vTg2rUIEjDqijWTtpz8vY6gBzZaG+tD0/EKUyGnfq6d/d/Q=="
      },
      "runtime.android-arm64.runtime.native.System.IO.Ports": {
        "type": "Transitive",
        "resolved": "10.0.3",
        "contentHash": "4OdNg2Du1kvm0b4tSErkA4wfH32YmgUqeSLzekk6NdCR61brCp4vttTJl0epZMwbRppXuy/jY7pV0WtP4ymnfQ=="
      },
      "runtime.android-x64.runtime.native.System.IO.Ports": {
        "type": "Transitive",
        "resolved": "10.0.3",
        "contentHash": "nP7xJSDSqRktV4kEd0kr4n0xhzJFuQjh7L/AgrKB3C4QK5TA/8NimJmTl1ogngvnXn2vilH2Hk+keBIvuoGWCA=="
      },
      "runtime.android-x86.runtime.native.System.IO.Ports": {
        "type": "Transitive",
        "resolved": "10.0.3",
        "contentHash": "f/neqijoVpgl/PcrXYeLNfCC2t74XYIcaHvtSaF3zaIdJ3hf5wrwRC9gzYLXHRLg/j4DRsCHEw8rlux/dNh7XA=="
      },
      "runtime.linux-arm.runtime.native.System.IO.Ports": {
        "type": "Transitive",
        "resolved": "10.0.3",
        "contentHash": "cwiQmy95Zd42K4kMzDt8GkXNKHWDkRZIIyb3MteRrgJKubH2DMA6VY3JiFeR+1hQ7i31Ck+dYyt8wUkElZ/NrQ=="
      },
      "runtime.linux-arm64.runtime.native.System.IO.Ports": {
        "type": "Transitive",
        "resolved": "10.0.3",
        "contentHash": "cEx+Xm0ZNPsuoYTFwXZ6qRstwXQ7vJjbb3jWzo5s5xIeEgpTDdfiUjTgK3Gl618mWgb7+Gn6Vt5pT07RxFC28Q=="
      },
      "runtime.linux-bionic-arm64.runtime.native.System.IO.Ports": {
        "type": "Transitive",
        "resolved": "10.0.3",
        "contentHash": "kB21sNzlKgTj3V/LZhnTLFuViiGKtkiUG2GdEW+z3jdeUtRoxqBBXryzMqy0oUOy5idBW2pA6bh+iLGaj+GThA=="
      },
      "runtime.linux-bionic-x64.runtime.native.System.IO.Ports": {
        "type": "Transitive",
        "resolved": "10.0.3",
        "contentHash": "/Ud7EYdpnBGJ/x7DdqVFEJOQtEcf9rsD6/1iyUBJNfhhs8JljZLewJHp1cXr1DVCaWWc9jSWIc4g+QpMct/22A=="
      },
      "runtime.linux-musl-arm.runtime.native.System.IO.Ports": {
        "type": "Transitive",
        "resolved": "10.0.3",
        "contentHash": "pBubukkmXD9e4Ju004bEHL3TE5mYahONCVwrJ5b+7/cj8smSY2H5sKTyURiVF1EfX55yORKyTyQ3dALA5yTTlg=="
      },
      "runtime.linux-musl-arm64.runtime.native.System.IO.Ports": {
        "type": "Transitive",
        "resolved": "10.0.3",
        "contentHash": "+FR6SvpZya66Wv26MVEK4l2gnjfZnBVUz675eaTcMQ/KWAy+GMaPyhRaBIMnQJf5gfuu3x1qgeAzpmeFkOPGBw=="
      },
      "runtime.linux-musl-x64.runtime.native.System.IO.Ports": {
        "type": "Transitive",
        "resolved": "10.0.3",
        "contentHash": "Ee1XnOSKgeJGBcnd7LLLkyXEbE/JcpQ3pUlbPXqugl0YD55jVubpYebzGYI+ilrnBLCRiV0BR822b2XmerIKGw=="
      },
      "runtime.linux-x64.runtime.native.System.IO.Ports": {
        "type": "Transitive",
        "resolved": "10.0.3",
        "contentHash": "U+Zr1KuBDIIwgR2gTMFbBAtkr4WnKdEXxmknPa3X8Qy6oCi4+MTRmq2zmTh7wxXQXTdmhfXg2tyy7DuVHtB+xQ=="
      },
      "runtime.maccatalyst-arm64.runtime.native.System.IO.Ports": {
        "type": "Transitive",
        "resolved": "10.0.3",
        "contentHash": "9yTgh3ZKCBTGEO4YS76g/K15s2qSdeEZDqWteixUPeRsETsuBUwUPF39Fk39OPlRgwhqEuhtHy1Hf6BSOETfAg=="
      },
      "runtime.maccatalyst-x64.runtime.native.System.IO.Ports": {
        "type": "Transitive",
        "resolved": "10.0.3",
        "contentHash": "0gxqUZYQ1T1o5VzgyEMKiSPKJtPbleF2nbjZa5QKZQvPgSlrZFL+FrW4LywIk2scOpXu+Vd5Mv8AGGV7slhYWA=="
      },
      "runtime.osx-arm64.runtime.native.System.IO.Ports": {
        "type": "Transitive",
        "resolved": "10.0.3",
        "contentHash": "qnEjXlIazxaRAhBet0EupWoJQ9PKsXjThpMKGP/ZsCjZgHEb+zs9wft82wY27OagyPOCg9D4hJHWKt5LTbJNZg=="
      },
      "runtime.osx-x64.runtime.native.System.IO.Ports": {
        "type": "Transitive",
        "resolved": "10.0.3",
        "contentHash": "L1gcOL5kcfeeujKQbqJmpeTLsT0c6DeaJ9w6PY9oZ+/WESyya+Zj7StKguXR5j93o3o86FjcN05yufpoCz7R2g=="
      },
      "System.Diagnostics.EventLog": {
        "type": "Transitive",
        "resolved": "8.0.1",
        "contentHash": "n1ZP7NM2Gkn/MgD8+eOT5MulMj6wfeQMNS2Pizvq5GHCZfjlFMXV2irQlQmJhwA2VABC57M0auudO89Iu2uRLg=="
      },
      "System.IO.Ports": {
        "type": "Transitive",
        "resolved": "10.0.3",
        "contentHash": "Zs04mZ/dQtaFQ+hpQNDtijBs+6aM9j2fQPp8zNZTfh8DboVNNv7Sw6gH00hT+PVcAhEozlfT+n59Svm6Ug8ROA==",
        "dependencies": {
          "runtime.native.System.IO.Ports": "10.0.3"
        }
      },
      "System.Security.AccessControl": {
        "type": "Transitive",
        "resolved": "6.0.1",
        "contentHash": "IQ4NXP/B3Ayzvw0rDQzVTYsCKyy0Jp9KI6aYcK7UnGVlR9+Awz++TIPCQtPYfLJfOpm8ajowMR09V7quD3sEHw=="
      },
      "System.Security.Principal.Windows": {
        "type": "Transitive",
        "resolved": "5.0.0",
        "contentHash": "t0MGLukB5WAVU9bO3MGzvlGnyJPgUlcwerXn1kzBRjwLKixT96XV0Uza41W49gVd8zEMFu9vQEFlv0IOrytICA=="
      },
      "System.Threading.AccessControl": {
        "type": "Transitive",
        "resolved": "10.0.3",
        "contentHash": "PO3IM2ZXOJTjuuFDYMP62i290J41y891C+ytTa1HCDUo5FdywK/Ro6jflWHmbgZ2tz62EhRDa8WIT2vVJX45AQ=="
      }
    }
  }
}